
Microsoft Visual Studio Solution File, Format Version 12.00
# Visual Studio 14
VisualStudioVersion = 14.0.25420.1
MinimumVisualStudioVersion = 10.0.40219.1
Project("{F184B08F-C81C-45F6-A57F-5ABD9991F28F}") = "functions", "functions\functions.vbproj", "{AD743460-E5D4-4123-A55E-9501FE286074}"
EndProject
Global
	GlobalSection(SolutionConfigurationPlatforms) = preSolution
		Debug|Any CPU = Debug|Any CPU
		Release|Any CPU = Release|Any CPU
	EndGlobalSection
	GlobalSection(ProjectConfigurationPlatforms) = postSolution
		{AD743460-E5D4-4123-A55E-9501FE286074}.Debug|Any CPU.ActiveCfg = Debug|Any CPU
		{AD743460-E5D4-4123-A55E-9501FE286074}.Debug|Any CPU.Build.0 = Debug|Any CPU
		{AD743460-E5D4-4123-A55E-9501FE286074}.Release|Any CPU.ActiveCfg = Release|Any CPU
		{AD743460-E5D4-4123-A55E-9501FE286074}.Release|Any CPU.Build.0 = Release|Any CPU
	EndGlobalSection
	GlobalSection(SolutionProperties) = preSolution
		HideSolutionNode = FALSE
	EndGlobalSection
EndGlobal
